
Microsoft Visual Studio Solution File, Format Version 12.00
# Visual Studio Version 17
VisualStudioVersion = 17.9.34616.47
MinimumVisualStudioVersion = 10.0.40219.1
Project("{8BC9CEB8-8B4A-11D0-8D11-00A0C91BC942}") = "048_singlelinkedlist", "048_singlelinkedlist\048_singlelinkedlist.vcxproj", "{8EC2B5DD-66CD-4950-99E2-A449C107782F}"
EndProject
Global
	GlobalSection(SolutionConfigurationPlatforms) = preSolution
		Debug|x64 = Debug|x64
		Debug|x86 = Debug|x86
		Release|x64 = Release|x64
		Release|x86 = Release|x86
	EndGlobalSection
	GlobalSection(ProjectConfigurationPlatforms) = postSolution
		{8EC2B5DD-66CD-4950-99E2-A449C107782F}.Debug|x64.ActiveCfg = Debug|x64
		{8EC2B5DD-66CD-4950-99E2-A449C107782F}.Debug|x64.Build.0 = Debug|x64
		{8EC2B5DD-66CD-4950-99E2-A449C107782F}.Debug|x86.ActiveCfg = Debug|Win32
		{8EC2B5DD-66CD-4950-99E2-A449C107782F}.Debug|x86.Build.0 = Debug|Win32
		{8EC2B5DD-66CD-4950-99E2-A449C107782F}.Release|x64.ActiveCfg = Release|x64
		{8EC2B5DD-66CD-4950-99E2-A449C107782F}.Release|x64.Build.0 = Release|x64
		{8EC2B5DD-66CD-4950-99E2-A449C107782F}.Release|x86.ActiveCfg = Release|Win32
		{8EC2B5DD-66CD-4950-99E2-A449C107782F}.Release|x86.Build.0 = Release|Win32
	EndGlobalSection
	GlobalSection(SolutionProperties) = preSolution
		HideSolutionNode = FALSE
	EndGlobalSection
	GlobalSection(ExtensibilityGlobals) = postSolution
		SolutionGuid = {C54D58F8-7F49-4532-99F9-8A125639FD64}
	EndGlobalSection
EndGlobal
